// !$*UTF8*$!
{
	archiveVersion = 1;
	classes = {
	};
	objectVersion = 46;
	objects = {

/* Begin PBXBuildFile section */
		42BD2FD19E8728BC5040BAF8 /* libPods-OEWA_Sampler.a in Frameworks */ = {isa = PBXBuildFile; fileRef = BCBC0FAEB0C4A6BB9AF70C62 /* libPods-OEWA_Sampler.a */; };
		EA2A7E641B05C65800B121DA /* main.m in Sources */ = {isa = PBXBuildFile; fileRef = EA2A7E631B05C65800B121DA /* main.m */; };
		EA2A7E671B05C65800B121DA /* AppDelegate.m in Sources */ = {isa = PBXBuildFile; fileRef = EA2A7E661B05C65800B121DA /* AppDelegate.m */; };
		EA2A7E6A1B05C65800B121DA /* ViewController.m in Sources */ = {isa = PBXBuildFile; fileRef = EA2A7E691B05C65800B121DA /* ViewController.m */; };
		EA2A7E6D1B05C65800B121DA /* Main.storyboard in Resources */ = {isa = PBXBuildFile; fileRef = EA2A7E6B1B05C65800B121DA /* Main.storyboard */; };
		EA2A7E6F1B05C65800B121DA /* Images.xcassets in Resources */ = {isa = PBXBuildFile; fileRef = EA2A7E6E1B05C65800B121DA /* Images.xcassets */; };
		EA2A7E721B05C65800B121DA /* LaunchScreen.xib in Resources */ = {isa = PBXBuildFile; fileRef = EA2A7E701B05C65800B121DA /* LaunchScreen.xib */; };
/* End PBXBuildFile section */

/* Begin PBXFileReference section */
		724660DC53F80AAA2C4F8B6C /* Pods-OEWA_Sampler.release.xcconfig */ = {isa = PBXFileReference; includeInIndex = 1; lastKnownFileType = text.xcconfig; name = "Pods-OEWA_Sampler.release.xcconfig"; path = "Pods/Target Support Files/Pods-OEWA_Sampler/Pods-OEWA_Sampler.release.xcconfig"; sourceTree = "<group>"; };
		AC273DBAAD872428704F7EBE /* Pods-OEWA_Sampler.debug.xcconfig */ = {isa = PBXFileReference; includeInIndex = 1; lastKnownFileType = text.xcconfig; name = "Pods-OEWA_Sampler.debug.xcconfig"; path = "Pods/Target Support Files/Pods-OEWA_Sampler/Pods-OEWA_Sampler.debug.xcconfig"; sourceTree = "<group>"; };
		BCBC0FAEB0C4A6BB9AF70C62 /* libPods-OEWA_Sampler.a */ = {isa = PBXFileReference; explicitFileType = archive.ar; includeInIndex = 0; path = "libPods-OEWA_Sampler.a"; sourceTree = BUILT_PRODUCTS_DIR; };
		EA2A7E5E1B05C65800B121DA /* OEWA_Sampler.app */ = {isa = PBXFileReference; explicitFileType = wrapper.application; includeInIndex = 0; path = OEWA_Sampler.app; sourceTree = BUILT_PRODUCTS_DIR; };
		EA2A7E621B05C65800B121DA /* Info.plist */ = {isa = PBXFileReference; lastKnownFileType = text.plist.xml; path = Info.plist; sourceTree = "<group>"; };
		EA2A7E631B05C65800B121DA /* main.m */ = {isa = PBXFileReference; lastKnownFileType = sourcecode.c.objc; path = main.m; sourceTree = "<group>"; };
		EA2A7E651B05C65800B121DA /* AppDelegate.h */ = {isa = PBXFileReference; lastKnownFileType = sourcecode.c.h; path = AppDelegate.h; sourceTree = "<group>"; };
		EA2A7E661B05C65800B121DA /* AppDelegate.m */ = {isa = PBXFileReference; lastKnownFileType = sourcecode.c.objc; path = AppDelegate.m; sourceTree = "<group>"; };
		EA2A7E681B05C65800B121DA /* ViewController.h */ = {isa = PBXFileReference; lastKnownFileType = sourcecode.c.h; path = ViewController.h; sourceTree = "<group>"; };
		EA2A7E691B05C65800B121DA /* ViewController.m */ = {isa = PBXFileReference; lastKnownFileType = sourcecode.c.objc; path = ViewController.m; sourceTree = "<group>"; };
		EA2A7E6C1B05C65800B121DA /* Base */ = {isa = PBXFileReference; lastKnownFileType = file.storyboard; name = Base; path = Base.lproj/Main.storyboard; sourceTree = "<group>"; };
		EA2A7E6E1B05C65800B121DA /* Images.xcassets */ = {isa = PBXFileReference; lastKnownFileType = folder.assetcatalog; path = Images.xcassets; sourceTree = "<group>"; };
		EA2A7E711B05C65800B121DA /* Base */ = {isa = PBXFileReference; lastKnownFileType = file.xib; name = Base; path = Base.lproj/LaunchScreen.xib; sourceTree = "<group>"; };
/* End PBXFileReference section */

/* Begin PBXFrameworksBuildPhase section */
		EA2A7E5B1B05C65800B121DA /* Frameworks */ = {
			isa = PBXFrameworksBuildPhase;
			buildActionMask = 2147483647;
			files = (
				42BD2FD19E8728BC5040BAF8 /* libPods-OEWA_Sampler.a in Frameworks */,
			);
			runOnlyForDeploymentPostprocessing = 0;
		};
/* End PBXFrameworksBuildPhase section */

/* Begin PBXGroup section */
		675F1FA692044D2F78560BBB /* Pods */ = {
			isa = PBXGroup;
			children = (
				AC273DBAAD872428704F7EBE /* Pods-OEWA_Sampler.debug.xcconfig */,
				724660DC53F80AAA2C4F8B6C /* Pods-OEWA_Sampler.release.xcconfig */,
			);
			name = Pods;
			sourceTree = "<group>";
		};
		7B749C8C68CE1B0D78754F21 /* Frameworks */ = {
			isa = PBXGroup;
			children = (
				BCBC0FAEB0C4A6BB9AF70C62 /* libPods-OEWA_Sampler.a */,
			);
			name = Frameworks;
			sourceTree = "<group>";
		};
		EA2A7E551B05C65800B121DA = {
			isa = PBXGroup;
			children = (
				EA2A7E601B05C65800B121DA /* OEWA_Sampler */,
				EA2A7E5F1B05C65800B121DA /* Products */,
				675F1FA692044D2F78560BBB /* Pods */,
				7B749C8C68CE1B0D78754F21 /* Frameworks */,
			);
			sourceTree = "<group>";
		};
		EA2A7E5F1B05C65800B121DA /* Products */ = {
			isa = PBXGroup;
			children = (
				EA2A7E5E1B05C65800B121DA /* OEWA_Sampler.app */,
			);
			name = Products;
			sourceTree = "<group>";
		};
		EA2A7E601B05C65800B121DA /* OEWA_Sampler */ = {
			isa = PBXGroup;
			children = (
				EA2A7E651B05C65800B121DA /* AppDelegate.h */,
				EA2A7E661B05C65800B121DA /* AppDelegate.m */,
				EA2A7E681B05C65800B121DA /* ViewController.h */,
				EA2A7E691B05C65800B121DA /* ViewController.m */,
				EA2A7E6B1B05C65800B121DA /* Main.storyboard */,
				EA2A7E6E1B05C65800B121DA /* Images.xcassets */,
				EA2A7E701B05C65800B121DA /* LaunchScreen.xib */,
				EA2A7E611B05C65800B121DA /* Supporting Files */,
			);
			path = OEWA_Sampler;
			sourceTree = "<group>";
		};
		EA2A7E611B05C65800B121DA /* Supporting Files */ = {
			isa = PBXGroup;
			children = (
				EA2A7E621B05C65800B121DA /* Info.plist */,
				EA2A7E631B05C65800B121DA /* main.m */,
			);
			name = "Supporting Files";
			sourceTree = "<group>";
		};
/* End PBXGroup section */

/* Begin PBXNativeTarget section */
		EA2A7E5D1B05C65800B121DA /* OEWA_Sampler */ = {
			isa = PBXNativeTarget;
			buildConfigurationList = EA2A7E811B05C65800B121DA /* Build configuration list for PBXNativeTarget "OEWA_Sampler" */;
			buildPhases = (
				05933A8B5CD3B56DA77AA727 /* Check Pods Manifest.lock */,
				EA2A7E5A1B05C65800B121DA /* Sources */,
				EA2A7E5B1B05C65800B121DA /* Frameworks */,
				EA2A7E5C1B05C65800B121DA /* Resources */,
				41C81BFA307B6B87454C6C6D /* Copy Pods Resources */,
			);
			buildRules = (
			);
			dependencies = (
			);
			name = OEWA_Sampler;
			productName = OEWA_Sampler;
			productReference = EA2A7E5E1B05C65800B121DA /* OEWA_Sampler.app */;
			productType = "com.apple.product-type.application";
		};
/* End PBXNativeTarget section */

/* Begin PBXProject section */
		EA2A7E561B05C65800B121DA /* Project object */ = {
			isa = PBXProject;
			attributes = {
				LastUpgradeCheck = 0630;
				ORGANIZATIONNAME = hjanuschka;
				TargetAttributes = {
					EA2A7E5D1B05C65800B121DA = {
						CreatedOnToolsVersion = 6.3.1;
					};
				};
			};
			buildConfigurationList = EA2A7E591B05C65800B121DA /* Build configuration list for PBXProject "OEWA_Sampler" */;
			compatibilityVersion = "Xcode 3.2";
			developmentRegion = English;
			hasScannedForEncodings = 0;
			knownRegions = (
				en,
				Base,
			);
			mainGroup = EA2A7E551B05C65800B121DA;
			productRefGroup = EA2A7E5F1B05C65800B121DA /* Products */;
			projectDirPath = "";
			projectRoot = "";
			targets = (
				EA2A7E5D1B05C65800B121DA /* OEWA_Sampler */,
			);
		};
/* End PBXProject section */

/* Begin PBXResourcesBuildPhase section */
		EA2A7E5C1B05C65800B121DA /* Resources */ = {
			isa = PBXResourcesBuildPhase;
			buildActionMask = 2147483647;
			files = (
				EA2A7E6D1B05C65800B121DA /* Main.storyboard in Resources */,
				EA2A7E721B05C65800B121DA /* LaunchScreen.xib in Resources */,
				EA2A7E6F1B05C65800B121DA /* Images.xcassets in Resources */,
			);
			runOnlyForDeploymentPostprocessing = 0;
		};
/* End PBXResourcesBuildPhase section */

/* Begin PBXShellScriptBuildPhase section */
		05933A8B5CD3B56DA77AA727 /* Check Pods Manifest.lock */ = {
			isa = PBXShellScriptBuildPhase;
			buildActionMask = 2147483647;
			files = (
			);
			inputPaths = (
			);
			name = "Check Pods Manifest.lock";
			outputPaths = (
			);
			runOnlyForDeploymentPostprocessing = 0;
			shellPath = /bin/sh;
			shellScript = "diff \"${PODS_ROOT}/../Podfile.lock\" \"${PODS_ROOT}/Manifest.lock\" > /dev/null\nif [[ $? != 0 ]] ; then\n    cat << EOM\nerror: The sandbox is not in sync with the Podfile.lock. Run 'pod install' or update your CocoaPods installation.\nEOM\n    exit 1\nfi\n";
			showEnvVarsInLog = 0;
		};
		41C81BFA307B6B87454C6C6D /* Copy Pods Resources */ = {
			isa = PBXShellScriptBuildPhase;
			buildActionMask = 2147483647;
			files = (
			);
			inputPaths = (
			);
			name = "Copy Pods Resources";
			outputPaths = (
			);
			runOnlyForDeploymentPostprocessing = 0;
			shellPath = /bin/sh;
			shellScript = "\"${SRCROOT}/Pods/Target Support Files/Pods-OEWA_Sampler/Pods-OEWA_Sampler-resources.sh\"\n";
			showEnvVarsInLog = 0;
		};
/* End PBXShellScriptBuildPhase section */

/* Begin PBXSourcesBuildPhase section */
		EA2A7E5A1B05C65800B121DA /* Sources */ = {
			isa = PBXSourcesBuildPhase;
			buildActionMask = 2147483647;
			files = (
				EA2A7E6A1B05C65800B121DA /* ViewController.m in Sources */,
				EA2A7E671B05C65800B121DA /* AppDelegate.m in Sources */,
				EA2A7E641B05C65800B121DA /* main.m in Sources */,
			);
			runOnlyForDeploymentPostprocessing = 0;
		};
/* End PBXSourcesBuildPhase section */

/* Begin PBXVariantGroup section */
		EA2A7E6B1B05C65800B121DA /* Main.storyboard */ = {
			isa = PBXVariantGroup;
			children = (
				EA2A7E6C1B05C65800B121DA /* Base */,
			);
			name = Main.storyboard;
			sourceTree = "<group>";
		};
		EA2A7E701B05C65800B121DA /* LaunchScreen.xib */ = {
			isa = PBXVariantGroup;
			children = (
				EA2A7E711B05C65800B121DA /* Base */,
			);
			name = LaunchScreen.xib;
			sourceTree = "<group>";
		};
/* End PBXVariantGroup section */

/* Begin XCBuildConfiguration section */
		EA2A7E7F1B05C65800B121DA /* Debug */ = {
			isa = XCBuildConfiguration;
			buildSettings = {
				ALWAYS_SEARCH_USER_PATHS = NO;
				CLANG_CXX_LANGUAGE_STANDARD = "gnu++0x";
				CLANG_CXX_LIBRARY = "libc++";
				CLANG_ENABLE_MODULES = YES;
				CLANG_ENABLE_OBJC_ARC = YES;
				CLANG_WARN_BOOL_CONVERSION = YES;
				CLANG_WARN_CONSTANT_CONVERSION = YES;
				CLANG_WARN_DIRECT_OBJC_ISA_USAGE = YES_ERROR;
				CLANG_WARN_EMPTY_BODY = YES;
				CLANG_WARN_ENUM_CONVERSION = YES;
				CLANG_WARN_INT_CONVERSION = YES;
				CLANG_WARN_OBJC_ROOT_CLASS = YES_ERROR;
				CLANG_WARN_UNREACHABLE_CODE = YES;
				CLANG_WARN__DUPLICATE_METHOD_MATCH = YES;
				"CODE_SIGN_IDENTITY[sdk=iphoneos*]" = "iPhone Developer";
				COPY_PHASE_STRIP = NO;
				DEBUG_INFORMATION_FORMAT = "dwarf-with-dsym";
				ENABLE_STRICT_OBJC_MSGSEND = YES;
				GCC_C_LANGUAGE_STANDARD = gnu99;
				GCC_DYNAMIC_NO_PIC = NO;
				GCC_NO_COMMON_BLOCKS = YES;
				GCC_OPTIMIZATION_LEVEL = 0;
				GCC_PREPROCESSOR_DEFINITIONS = (
					"DEBUG=1",
					"$(inherited)",
				);
				GCC_SYMBOLS_PRIVATE_EXTERN = NO;
				GCC_WARN_64_TO_32_BIT_CONVERSION = YES;
				GCC_WARN_ABOUT_RETURN_TYPE = YES_ERROR;
				GCC_WARN_UNDECLARED_SELECTOR = YES;
				GCC_WARN_UNINITIALIZED_AUTOS = YES_AGGRESSIVE;
				GCC_WARN_UNUSED_FUNCTION = YES;
				GCC_WARN_UNUSED_VARIABLE = YES;
				IPHONEOS_DEPLOYMENT_TARGET = 8.3;
				MTL_ENABLE_DEBUG_INFO = YES;
				ONLY_ACTIVE_ARCH = YES;
				SDKROOT = iphoneos;
				TARGETED_DEVICE_FAMILY = "1,2";
			};
			name = Debug;
		};
		EA2A7E801B05C65800B121DA /* Release */ = {
			isa = XCBuildConfiguration;
			buildSettings = {
				ALWAYS_SEARCH_USER_PATHS = NO;
				CLANG_CXX_LANGUAGE_STANDARD = "gnu++0x";
				CLANG_CXX_LIBRARY = "libc++";
				CLANG_ENABLE_MODULES = YES;
				CLANG_ENABLE_OBJC_ARC = YES;
				CLANG_WARN_BOOL_CONVERSION = YES;
				CLANG_WARN_CONSTANT_CONVERSION = YES;
				CLANG_WARN_DIRECT_OBJC_ISA_USAGE = YES_ERROR;
				CLANG_WARN_EMPTY_BODY = YES;
				CLANG_WARN_ENUM_CONVERSION = YES;
				CLANG_WARN_INT_CONVERSION = YES;
				CLANG_WARN_OBJC_ROOT_CLASS = YES_ERROR;
				CLANG_WARN_UNREACHABLE_CODE = YES;
				CLANG_WARN__DUPLICATE_METHOD_MATCH = YES;
				"CODE_SIGN_IDENTITY[sdk=iphoneos*]" = "iPhone Developer";
				COPY_PHASE_STRIP = NO;
				DEBUG_INFORMATION_FORMAT = "dwarf-with-dsym";
				ENABLE_NS_ASSERTIONS = NO;
				ENABLE_STRICT_OBJC_MSGSEND = YES;
				GCC_C_LANGUAGE_STANDARD = gnu99;
				GCC_NO_COMMON_BLOCKS = YES;
				GCC_WARN_64_TO_32_BIT_CONVERSION = YES;
				GCC_WARN_ABOUT_RETURN_TYPE = YES_ERROR;
				GCC_WARN_UNDECLARED_SELECTOR = YES;
				GCC_WARN_UNINITIALIZED_AUTOS = YES_AGGRESSIVE;
				GCC_WARN_UNUSED_FUNCTION = YES;
				GCC_WARN_UNUSED_VARIABLE = YES;
				IPHONEOS_DEPLOYMENT_TARGET = 8.3;
				MTL_ENABLE_DEBUG_INFO = NO;
				SDKROOT = iphoneos;
				TARGETED_DEVICE_FAMILY = "1,2";
				VALIDATE_PRODUCT = YES;
			};
			name = Release;
		};
		EA2A7E821B05C65800B121DA /* Debug */ = {
			isa = XCBuildConfiguration;
			baseConfigurationReference = AC273DBAAD872428704F7EBE /* Pods-OEWA_Sampler.debug.xcconfig */;
			buildSettings = {
				ASSETCATALOG_COMPILER_APPICON_NAME = AppIcon;
				INFOPLIST_FILE = OEWA_Sampler/Info.plist;
				LD_RUNPATH_SEARCH_PATHS = "$(inherited) @executable_path/Frameworks";
				PRODUCT_NAME = "$(TARGET_NAME)";
			};
			name = Debug;
		};
		EA2A7E831B05C65800B121DA /* Release */ = {
			isa = XCBuildConfiguration;
			baseConfigurationReference = 724660DC53F80AAA2C4F8B6C /* Pods-OEWA_Sampler.release.xcconfig */;
			buildSettings = {
				ASSETCATALOG_COMPILER_APPICON_NAME = AppIcon;
				INFOPLIST_FILE = OEWA_Sampler/Info.plist;
				LD_RUNPATH_SEARCH_PATHS = "$(inherited) @executable_path/Frameworks";
				PRODUCT_NAME = "$(TARGET_NAME)";
			};
			name = Release;
		};
/* End XCBuildConfiguration section */

/* Begin XCConfigurationList section */
		EA2A7E591B05C65800B121DA /* Build configuration list for PBXProject "OEWA_Sampler" */ = {
			isa = XCConfigurationList;
			buildConfigurations = (
				EA2A7E7F1B05C65800B121DA /* Debug */,
				EA2A7E801B05C65800B121DA /* Release */,
			);
			defaultConfigurationIsVisible = 0;
			defaultConfigurationName = Release;
		};
		EA2A7E811B05C65800B121DA /* Build configuration list for PBXNativeTarget "OEWA_Sampler" */ = {
			isa = XCConfigurationList;
			buildConfigurations = (
				EA2A7E821B05C65800B121DA /* Debug */,
				EA2A7E831B05C65800B121DA /* Release */,
			);
			defaultConfigurationIsVisible = 0;
			defaultConfigurationName = Release;
		};
/* End XCConfigurationList section */
	};
	rootObject = EA2A7E561B05C65800B121DA /* Project object */;
}
